
Microsoft Visual Studio Solution File, Format Version 12.00
Project("{FAE04EC0-301F-11D3-BF4B-00C04F79EFBC}") = "SpecialPowerUtilities", "SpecialPowerUtilities\SpecialPowerUtilities.csproj", "{8BAC2028-2049-49C4-89F9-511F13F36E11}"
EndProject
Global
	GlobalSection(SolutionConfigurationPlatforms) = preSolution
		Debug|Any CPU = Debug|Any CPU
		Release|Any CPU = Release|Any CPU
	EndGlobalSection
	GlobalSection(ProjectConfigurationPlatforms) = postSolution
		{8BAC2028-2049-49C4-89F9-511F13F36E11}.Debug|Any CPU.ActiveCfg = Debug|Any CPU
		{8BAC2028-2049-49C4-89F9-511F13F36E11}.Debug|Any CPU.Build.0 = Debug|Any CPU
		{8BAC2028-2049-49C4-89F9-511F13F36E11}.Release|Any CPU.ActiveCfg = Release|Any CPU
		{8BAC2028-2049-49C4-89F9-511F13F36E11}.Release|Any CPU.Build.0 = Release|Any CPU
	EndGlobalSection
EndGlobal
